<Solution>
  <Configurations>
    <Platform Name="Any CPU" />
    <Platform Name="x64" />
    <Platform Name="x86" />
  </Configurations>
  <Project Path="MaterialTheming.Pages.Client/MaterialTheming.Pages.Client.csproj" />
  <Project Path="MaterialTheming.Pages/MaterialTheming.Pages.csproj" />
</Solution>
